// !$*UTF8*$!
{
	archiveVersion = 1;
	classes = {
	};
	objectVersion = 55;
	objects = {

/* Begin PBXBuildFile section */
		445D8A9E26FF348D0055ACB7 /* AppDelegate.m in Sources */ = {isa = PBXBuildFile; fileRef = 445D8A9D26FF348D0055ACB7 /* AppDelegate.m */; };
		445D8AA126FF348D0055ACB7 /* SceneDelegate.m in Sources */ = {isa = PBXBuildFile; fileRef = 445D8AA026FF348D0055ACB7 /* SceneDelegate.m */; };
		445D8AA426FF348D0055ACB7 /* ViewController.m in Sources */ = {isa = PBXBuildFile; fileRef = 445D8AA326FF348D0055ACB7 /* ViewController.m */; };
		445D8AA726FF348D0055ACB7 /* Main.storyboard in Resources */ = {isa = PBXBuildFile; fileRef = 445D8AA526FF348D0055ACB7 /* Main.storyboard */; };
		445D8AA926FF34920055ACB7 /* Assets.xcassets in Resources */ = {isa = PBXBuildFile; fileRef = 445D8AA826FF34920055ACB7 /* Assets.xcassets */; };
		445D8AAC26FF34920055ACB7 /* LaunchScreen.storyboard in Resources */ = {isa = PBXBuildFile; fileRef = 445D8AAA26FF34920055ACB7 /* LaunchScreen.storyboard */; };
		445D8AAF26FF34920055ACB7 /* main.m in Sources */ = {isa = PBXBuildFile; fileRef = 445D8AAE26FF34920055ACB7 /* main.m */; };
		445D8AE926FF3B2B0055ACB7 /* HYMsgJoinCell.m in Sources */ = {isa = PBXBuildFile; fileRef = 445D8AB926FF3B2A0055ACB7 /* HYMsgJoinCell.m */; };
		445D8AEA26FF3B2B0055ACB7 /* HYMsgGiftCell.m in Sources */ = {isa = PBXBuildFile; fileRef = 445D8ABB26FF3B2A0055ACB7 /* HYMsgGiftCell.m */; };
		445D8AEB26FF3B2B0055ACB7 /* HYMsgRemindCell.m in Sources */ = {isa = PBXBuildFile; fileRef = 445D8ABE26FF3B2A0055ACB7 /* HYMsgRemindCell.m */; };
		445D8AEC26FF3B2B0055ACB7 /* HYLiveMsgBassCell.m in Sources */ = {isa = PBXBuildFile; fileRef = 445D8ABF26FF3B2A0055ACB7 /* HYLiveMsgBassCell.m */; };
		445D8AED26FF3B2B0055ACB7 /* HYMsgCommentCell.m in Sources */ = {isa = PBXBuildFile; fileRef = 445D8AC026FF3B2A0055ACB7 /* HYMsgCommentCell.m */; };
		445D8AEE26FF3B2B0055ACB7 /* HYMsgNormalCell.m in Sources */ = {isa = PBXBuildFile; fileRef = 445D8AC226FF3B2A0055ACB7 /* HYMsgNormalCell.m */; };
		445D8AEF26FF3B2B0055ACB7 /* HYMsgSynthesizeCell.m in Sources */ = {isa = PBXBuildFile; fileRef = 445D8AC326FF3B2A0055ACB7 /* HYMsgSynthesizeCell.m */; };
		445D8AF026FF3B2B0055ACB7 /* HYMsgListTableView.m in Sources */ = {isa = PBXBuildFile; fileRef = 445D8AC526FF3B2A0055ACB7 /* HYMsgListTableView.m */; };
		445D8AF126FF3B2B0055ACB7 /* HYMsgAttributeModel.m in Sources */ = {isa = PBXBuildFile; fileRef = 445D8AC726FF3B2A0055ACB7 /* HYMsgAttributeModel.m */; };
		445D8AF226FF3B2B0055ACB7 /* HYLeveBgView.m in Sources */ = {isa = PBXBuildFile; fileRef = 445D8ACB26FF3B2A0055ACB7 /* HYLeveBgView.m */; };
		445D8AF326FF3B2B0055ACB7 /* UIView+Frame.m in Sources */ = {isa = PBXBuildFile; fileRef = 445D8ACD26FF3B2B0055ACB7 /* UIView+Frame.m */; };
		445D8AF426FF3B2B0055ACB7 /* HYLayoutButton.m in Sources */ = {isa = PBXBuildFile; fileRef = 445D8ACE26FF3B2B0055ACB7 /* HYLayoutButton.m */; };
		445D8AF526FF3B2B0055ACB7 /* HYLevelManager.m in Sources */ = {isa = PBXBuildFile; fileRef = 445D8AD026FF3B2B0055ACB7 /* HYLevelManager.m */; };
		445D8AF626FF3B2B0055ACB7 /* HYDebugToolManager.m in Sources */ = {isa = PBXBuildFile; fileRef = 445D8AD526FF3B2B0055ACB7 /* HYDebugToolManager.m */; };
		445D8AF726FF3B2B0055ACB7 /* HYDebugTempVC.m in Sources */ = {isa = PBXBuildFile; fileRef = 445D8ADC26FF3B2B0055ACB7 /* HYDebugTempVC.m */; };
		445D8AF826FF3B2B0055ACB7 /* HYDebugFPSMonitor.m in Sources */ = {isa = PBXBuildFile; fileRef = 445D8ADD26FF3B2B0055ACB7 /* HYDebugFPSMonitor.m */; };
		445D8AF926FF3B2B0055ACB7 /* HYDebugMemoryMonitor.m in Sources */ = {isa = PBXBuildFile; fileRef = 445D8ADE26FF3B2B0055ACB7 /* HYDebugMemoryMonitor.m */; };
		445D8AFA26FF3B2B0055ACB7 /* HYDebugConsoleLabel.m in Sources */ = {isa = PBXBuildFile; fileRef = 445D8ADF26FF3B2B0055ACB7 /* HYDebugConsoleLabel.m */; };
		445D8AFB26FF3B2B0055ACB7 /* HYDebugMonitor.m in Sources */ = {isa = PBXBuildFile; fileRef = 445D8AE026FF3B2B0055ACB7 /* HYDebugMonitor.m */; };
		445D8AFC26FF3B2B0055ACB7 /* HYDebugCpuMonitor.m in Sources */ = {isa = PBXBuildFile; fileRef = 445D8AE126FF3B2B0055ACB7 /* HYDebugCpuMonitor.m */; };
		445D8AFD26FF3B2B0055ACB7 /* HYMsgModel.m in Sources */ = {isa = PBXBuildFile; fileRef = 445D8AE326FF3B2B0055ACB7 /* HYMsgModel.m */; };
		445D8AFE26FF3B2B0055ACB7 /* HYUserModel.m in Sources */ = {isa = PBXBuildFile; fileRef = 445D8AE526FF3B2B0055ACB7 /* HYUserModel.m */; };
		445D8AFF26FF3B2B0055ACB7 /* HYGiftModel.m in Sources */ = {isa = PBXBuildFile; fileRef = 445D8AE826FF3B2B0055ACB7 /* HYGiftModel.m */; };
		445D8B0226FF41620055ACB7 /* HYWebSocketManager.m in Sources */ = {isa = PBXBuildFile; fileRef = 445D8B0026FF41620055ACB7 /* HYWebSocketManager.m */; };
		C44BD7C5E9282B472412F253 /* Pods_webSocket.framework in Frameworks */ = {isa = PBXBuildFile; fileRef = 364CDBFB59316368E2CB20D8 /* Pods_webSocket.framework */; };
/* End PBXBuildFile section */

/* Begin PBXFileReference section */
		364CDBFB59316368E2CB20D8 /* Pods_webSocket.framework */ = {isa = PBXFileReference; explicitFileType = wrapper.framework; includeInIndex = 0; path = Pods_webSocket.framework; sourceTree = BUILT_PRODUCTS_DIR; };
		445D8A9926FF348D0055ACB7 /* webSocket.app */ = {isa = PBXFileReference; explicitFileType = wrapper.application; includeInIndex = 0; path = webSocket.app; sourceTree = BUILT_PRODUCTS_DIR; };
		445D8A9C26FF348D0055ACB7 /* AppDelegate.h */ = {isa = PBXFileReference; lastKnownFileType = sourcecode.c.h; path = AppDelegate.h; sourceTree = "<group>"; };
		445D8A9D26FF348D0055ACB7 /* AppDelegate.m */ = {isa = PBXFileReference; lastKnownFileType = sourcecode.c.objc; path = AppDelegate.m; sourceTree = "<group>"; };
		445D8A9F26FF348D0055ACB7 /* SceneDelegate.h */ = {isa = PBXFileReference; lastKnownFileType = sourcecode.c.h; path = SceneDelegate.h; sourceTree = "<group>"; };
		445D8AA026FF348D0055ACB7 /* SceneDelegate.m */ = {isa = PBXFileReference; lastKnownFileType = sourcecode.c.objc; path = SceneDelegate.m; sourceTree = "<group>"; };
		445D8AA226FF348D0055ACB7 /* ViewController.h */ = {isa = PBXFileReference; lastKnownFileType = sourcecode.c.h; path = ViewController.h; sourceTree = "<group>"; };
		445D8AA326FF348D0055ACB7 /* ViewController.m */ = {isa = PBXFileReference; lastKnownFileType = sourcecode.c.objc; path = ViewController.m; sourceTree = "<group>"; };
		445D8AA626FF348D0055ACB7 /* Base */ = {isa = PBXFileReference; lastKnownFileType = file.storyboard; name = Base; path = Base.lproj/Main.storyboard; sourceTree = "<group>"; };
		445D8AA826FF34920055ACB7 /* Assets.xcassets */ = {isa = PBXFileReference; lastKnownFileType = folder.assetcatalog; path = Assets.xcassets; sourceTree = "<group>"; };
		445D8AAB26FF34920055ACB7 /* Base */ = {isa = PBXFileReference; lastKnownFileType = file.storyboard; name = Base; path = Base.lproj/LaunchScreen.storyboard; sourceTree = "<group>"; };
		445D8AAD26FF34920055ACB7 /* Info.plist */ = {isa = PBXFileReference; lastKnownFileType = text.plist.xml; path = Info.plist; sourceTree = "<group>"; };
		445D8AAE26FF34920055ACB7 /* main.m */ = {isa = PBXFileReference; lastKnownFileType = sourcecode.c.objc; path = main.m; sourceTree = "<group>"; };
		445D8AB526FF397A0055ACB7 /* PrefixHeader.pch */ = {isa = PBXFileReference; lastKnownFileType = sourcecode.c.h; path = PrefixHeader.pch; sourceTree = "<group>"; };
		445D8AB826FF3B2A0055ACB7 /* HYMsgNormalCell.h */ = {isa = PBXFileReference; fileEncoding = 4; lastKnownFileType = sourcecode.c.h; path = HYMsgNormalCell.h; sourceTree = "<group>"; };
		445D8AB926FF3B2A0055ACB7 /* HYMsgJoinCell.m */ = {isa = PBXFileReference; fileEncoding = 4; lastKnownFileType = sourcecode.c.objc; path = HYMsgJoinCell.m; sourceTree = "<group>"; };
		445D8ABA26FF3B2A0055ACB7 /* HYMsgAttributeModel.h */ = {isa = PBXFileReference; fileEncoding = 4; lastKnownFileType = sourcecode.c.h; path = HYMsgAttributeModel.h; sourceTree = "<group>"; };
		445D8ABB26FF3B2A0055ACB7 /* HYMsgGiftCell.m */ = {isa = PBXFileReference; fileEncoding = 4; lastKnownFileType = sourcecode.c.objc; path = HYMsgGiftCell.m; sourceTree = "<group>"; };
		445D8ABC26FF3B2A0055ACB7 /* HYMsgListTableView.h */ = {isa = PBXFileReference; fileEncoding = 4; lastKnownFileType = sourcecode.c.h; path = HYMsgListTableView.h; sourceTree = "<group>"; };
		445D8ABD26FF3B2A0055ACB7 /* HYMsgSynthesizeCell.h */ = {isa = PBXFileReference; fileEncoding = 4; lastKnownFileType = sourcecode.c.h; path = HYMsgSynthesizeCell.h; sourceTree = "<group>"; };
		445D8ABE26FF3B2A0055ACB7 /* HYMsgRemindCell.m */ = {isa = PBXFileReference; fileEncoding = 4; lastKnownFileType = sourcecode.c.objc; path = HYMsgRemindCell.m; sourceTree = "<group>"; };
		445D8ABF26FF3B2A0055ACB7 /* HYLiveMsgBassCell.m */ = {isa = PBXFileReference; fileEncoding = 4; lastKnownFileType = sourcecode.c.objc; path = HYLiveMsgBassCell.m; sourceTree = "<group>"; };
		445D8AC026FF3B2A0055ACB7 /* HYMsgCommentCell.m */ = {isa = PBXFileReference; fileEncoding = 4; lastKnownFileType = sourcecode.c.objc; path = HYMsgCommentCell.m; sourceTree = "<group>"; };
		445D8AC126FF3B2A0055ACB7 /* HYMsgJoinCell.h */ = {isa = PBXFileReference; fileEncoding = 4; lastKnownFileType = sourcecode.c.h; path = HYMsgJoinCell.h; sourceTree = "<group>"; };
		445D8AC226FF3B2A0055ACB7 /* HYMsgNormalCell.m */ = {isa = PBXFileReference; fileEncoding = 4; lastKnownFileType = sourcecode.c.objc; path = HYMsgNormalCell.m; sourceTree = "<group>"; };
		445D8AC326FF3B2A0055ACB7 /* HYMsgSynthesizeCell.m */ = {isa = PBXFileReference; fileEncoding = 4; lastKnownFileType = sourcecode.c.objc; path = HYMsgSynthesizeCell.m; sourceTree = "<group>"; };
		445D8AC426FF3B2A0055ACB7 /* HYMsgRemindCell.h */ = {isa = PBXFileReference; fileEncoding = 4; lastKnownFileType = sourcecode.c.h; path = HYMsgRemindCell.h; sourceTree = "<group>"; };
		445D8AC526FF3B2A0055ACB7 /* HYMsgListTableView.m */ = {isa = PBXFileReference; fileEncoding = 4; lastKnownFileType = sourcecode.c.objc; path = HYMsgListTableView.m; sourceTree = "<group>"; };
		445D8AC626FF3B2A0055ACB7 /* HYMsgGiftCell.h */ = {isa = PBXFileReference; fileEncoding = 4; lastKnownFileType = sourcecode.c.h; path = HYMsgGiftCell.h; sourceTree = "<group>"; };
		445D8AC726FF3B2A0055ACB7 /* HYMsgAttributeModel.m */ = {isa = PBXFileReference; fileEncoding = 4; lastKnownFileType = sourcecode.c.objc; path = HYMsgAttributeModel.m; sourceTree = "<group>"; };
		445D8AC826FF3B2A0055ACB7 /* HYMsgCommentCell.h */ = {isa = PBXFileReference; fileEncoding = 4; lastKnownFileType = sourcecode.c.h; path = HYMsgCommentCell.h; sourceTree = "<group>"; };
		445D8AC926FF3B2A0055ACB7 /* HYLiveMsgBassCell.h */ = {isa = PBXFileReference; fileEncoding = 4; lastKnownFileType = sourcecode.c.h; path = HYLiveMsgBassCell.h; sourceTree = "<group>"; };
		445D8ACB26FF3B2A0055ACB7 /* HYLeveBgView.m */ = {isa = PBXFileReference; fileEncoding = 4; lastKnownFileType = sourcecode.c.objc; path = HYLeveBgView.m; sourceTree = "<group>"; };
		445D8ACC26FF3B2A0055ACB7 /* HYLevelManager.h */ = {isa = PBXFileReference; fileEncoding = 4; lastKnownFileType = sourcecode.c.h; path = HYLevelManager.h; sourceTree = "<group>"; };
		445D8ACD26FF3B2B0055ACB7 /* UIView+Frame.m */ = {isa = PBXFileReference; fileEncoding = 4; lastKnownFileType = sourcecode.c.objc; path = "UIView+Frame.m"; sourceTree = "<group>"; };
		445D8ACE26FF3B2B0055ACB7 /* HYLayoutButton.m */ = {isa = PBXFileReference; fileEncoding = 4; lastKnownFileType = sourcecode.c.objc; path = HYLayoutButton.m; sourceTree = "<group>"; };
		445D8ACF26FF3B2B0055ACB7 /* HYLeveBgView.h */ = {isa = PBXFileReference; fileEncoding = 4; lastKnownFileType = sourcecode.c.h; path = HYLeveBgView.h; sourceTree = "<group>"; };
		445D8AD026FF3B2B0055ACB7 /* HYLevelManager.m */ = {isa = PBXFileReference; fileEncoding = 4; lastKnownFileType = sourcecode.c.objc; path = HYLevelManager.m; sourceTree = "<group>"; };
		445D8AD126FF3B2B0055ACB7 /* HYLayoutButton.h */ = {isa = PBXFileReference; fileEncoding = 4; lastKnownFileType = sourcecode.c.h; path = HYLayoutButton.h; sourceTree = "<group>"; };
		445D8AD226FF3B2B0055ACB7 /* UIView+Frame.h */ = {isa = PBXFileReference; fileEncoding = 4; lastKnownFileType = sourcecode.c.h; path = "UIView+Frame.h"; sourceTree = "<group>"; };
		445D8AD426FF3B2B0055ACB7 /* HYDebugTempVC.h */ = {isa = PBXFileReference; fileEncoding = 4; lastKnownFileType = sourcecode.c.h; path = HYDebugTempVC.h; sourceTree = "<group>"; };
		445D8AD526FF3B2B0055ACB7 /* HYDebugToolManager.m */ = {isa = PBXFileReference; fileEncoding = 4; lastKnownFileType = sourcecode.c.objc; path = HYDebugToolManager.m; sourceTree = "<group>"; };
		445D8AD626FF3B2B0055ACB7 /* HYDebugConsoleLabel.h */ = {isa = PBXFileReference; fileEncoding = 4; lastKnownFileType = sourcecode.c.h; path = HYDebugConsoleLabel.h; sourceTree = "<group>"; };
		445D8AD726FF3B2B0055ACB7 /* HYDebugMemoryMonitor.h */ = {isa = PBXFileReference; fileEncoding = 4; lastKnownFileType = sourcecode.c.h; path = HYDebugMemoryMonitor.h; sourceTree = "<group>"; };
		445D8AD826FF3B2B0055ACB7 /* HYDebugFPSMonitor.h */ = {isa = PBXFileReference; fileEncoding = 4; lastKnownFileType = sourcecode.c.h; path = HYDebugFPSMonitor.h; sourceTree = "<group>"; };
		445D8AD926FF3B2B0055ACB7 /* HYDebugMonitor.h */ = {isa = PBXFileReference; fileEncoding = 4; lastKnownFileType = sourcecode.c.h; path = HYDebugMonitor.h; sourceTree = "<group>"; };
		445D8ADA26FF3B2B0055ACB7 /* HYDebugCpuMonitor.h */ = {isa = PBXFileReference; fileEncoding = 4; lastKnownFileType = sourcecode.c.h; path = HYDebugCpuMonitor.h; sourceTree = "<group>"; };
		445D8ADB26FF3B2B0055ACB7 /* HYDebugToolManager.h */ = {isa = PBXFileReference; fileEncoding = 4; lastKnownFileType = sourcecode.c.h; path = HYDebugToolManager.h; sourceTree = "<group>"; };
		445D8ADC26FF3B2B0055ACB7 /* HYDebugTempVC.m */ = {isa = PBXFileReference; fileEncoding = 4; lastKnownFileType = sourcecode.c.objc; path = HYDebugTempVC.m; sourceTree = "<group>"; };
		445D8ADD26FF3B2B0055ACB7 /* HYDebugFPSMonitor.m */ = {isa = PBXFileReference; fileEncoding = 4; lastKnownFileType = sourcecode.c.objc; path = HYDebugFPSMonitor.m; sourceTree = "<group>"; };
		445D8ADE26FF3B2B0055ACB7 /* HYDebugMemoryMonitor.m */ = {isa = PBXFileReference; fileEncoding = 4; lastKnownFileType = sourcecode.c.objc; path = HYDebugMemoryMonitor.m; sourceTree = "<group>"; };
		445D8ADF26FF3B2B0055ACB7 /* HYDebugConsoleLabel.m */ = {isa = PBXFileReference; fileEncoding = 4; lastKnownFileType = sourcecode.c.objc; path = HYDebugConsoleLabel.m; sourceTree = "<group>"; };
		445D8AE026FF3B2B0055ACB7 /* HYDebugMonitor.m */ = {isa = PBXFileReference; fileEncoding = 4; lastKnownFileType = sourcecode.c.objc; path = HYDebugMonitor.m; sourceTree = "<group>"; };
		445D8AE126FF3B2B0055ACB7 /* HYDebugCpuMonitor.m */ = {isa = PBXFileReference; fileEncoding = 4; lastKnownFileType = sourcecode.c.objc; path = HYDebugCpuMonitor.m; sourceTree = "<group>"; };
		445D8AE326FF3B2B0055ACB7 /* HYMsgModel.m */ = {isa = PBXFileReference; fileEncoding = 4; lastKnownFileType = sourcecode.c.objc; path = HYMsgModel.m; sourceTree = "<group>"; };
		445D8AE426FF3B2B0055ACB7 /* HYGiftModel.h */ = {isa = PBXFileReference; fileEncoding = 4; lastKnownFileType = sourcecode.c.h; path = HYGiftModel.h; sourceTree = "<group>"; };
		445D8AE526FF3B2B0055ACB7 /* HYUserModel.m */ = {isa = PBXFileReference; fileEncoding = 4; lastKnownFileType = sourcecode.c.objc; path = HYUserModel.m; sourceTree = "<group>"; };
		445D8AE626FF3B2B0055ACB7 /* HYMsgModel.h */ = {isa = PBXFileReference; fileEncoding = 4; lastKnownFileType = sourcecode.c.h; path = HYMsgModel.h; sourceTree = "<group>"; };
		445D8AE726FF3B2B0055ACB7 /* HYUserModel.h */ = {isa = PBXFileReference; fileEncoding = 4; lastKnownFileType = sourcecode.c.h; path = HYUserModel.h; sourceTree = "<group>"; };
		445D8AE826FF3B2B0055ACB7 /* HYGiftModel.m */ = {isa = PBXFileReference; fileEncoding = 4; lastKnownFileType = sourcecode.c.objc; path = HYGiftModel.m; sourceTree = "<group>"; };
		445D8B0026FF41620055ACB7 /* HYWebSocketManager.m */ = {isa = PBXFileReference; fileEncoding = 4; lastKnownFileType = sourcecode.c.objc; path = HYWebSocketManager.m; sourceTree = "<group>"; };
		445D8B0126FF41620055ACB7 /* HYWebSocketManager.h */ = {isa = PBXFileReference; fileEncoding = 4; lastKnownFileType = sourcecode.c.h; path = HYWebSocketManager.h; sourceTree = "<group>"; };
		DE1D7A5D22979C7022BBDFEB /* Pods-webSocket.debug.xcconfig */ = {isa = PBXFileReference; includeInIndex = 1; lastKnownFileType = text.xcconfig; name = "Pods-webSocket.debug.xcconfig"; path = "Target Support Files/Pods-webSocket/Pods-webSocket.debug.xcconfig"; sourceTree = "<group>"; };
		F2308DB30D1203462A6071D9 /* Pods-webSocket.release.xcconfig */ = {isa = PBXFileReference; includeInIndex = 1; lastKnownFileType = text.xcconfig; name = "Pods-webSocket.release.xcconfig"; path = "Target Support Files/Pods-webSocket/Pods-webSocket.release.xcconfig"; sourceTree = "<group>"; };
/* End PBXFileReference section */

/* Begin PBXFrameworksBuildPhase section */
		445D8A9626FF348D0055ACB7 /* Frameworks */ = {
			isa = PBXFrameworksBuildPhase;
			buildActionMask = 2147483647;
			files = (
				C44BD7C5E9282B472412F253 /* Pods_webSocket.framework in Frameworks */,
			);
			runOnlyForDeploymentPostprocessing = 0;
		};
/* End PBXFrameworksBuildPhase section */

/* Begin PBXGroup section */
		2647C6102ACD3B780277F925 /* Frameworks */ = {
			isa = PBXGroup;
			children = (
				364CDBFB59316368E2CB20D8 /* Pods_webSocket.framework */,
			);
			name = Frameworks;
			sourceTree = "<group>";
		};
		445D8A9026FF348D0055ACB7 = {
			isa = PBXGroup;
			children = (
				445D8AB626FF3B2A0055ACB7 /* Chat */,
				445D8A9B26FF348D0055ACB7 /* webSocket */,
				445D8A9A26FF348D0055ACB7 /* Products */,
				8706E1C179151B59FB888C14 /* Pods */,
				2647C6102ACD3B780277F925 /* Frameworks */,
			);
			sourceTree = "<group>";
		};
		445D8A9A26FF348D0055ACB7 /* Products */ = {
			isa = PBXGroup;
			children = (
				445D8A9926FF348D0055ACB7 /* webSocket.app */,
			);
			name = Products;
			sourceTree = "<group>";
		};
		445D8A9B26FF348D0055ACB7 /* webSocket */ = {
			isa = PBXGroup;
			children = (
				445D8A9C26FF348D0055ACB7 /* AppDelegate.h */,
				445D8A9D26FF348D0055ACB7 /* AppDelegate.m */,
				445D8A9F26FF348D0055ACB7 /* SceneDelegate.h */,
				445D8AA026FF348D0055ACB7 /* SceneDelegate.m */,
				445D8AA226FF348D0055ACB7 /* ViewController.h */,
				445D8AA326FF348D0055ACB7 /* ViewController.m */,
				445D8B0126FF41620055ACB7 /* HYWebSocketManager.h */,
				445D8B0026FF41620055ACB7 /* HYWebSocketManager.m */,
				445D8AA526FF348D0055ACB7 /* Main.storyboard */,
				445D8AA826FF34920055ACB7 /* Assets.xcassets */,
				445D8AAA26FF34920055ACB7 /* LaunchScreen.storyboard */,
				445D8AAD26FF34920055ACB7 /* Info.plist */,
				445D8AB526FF397A0055ACB7 /* PrefixHeader.pch */,
				445D8AAE26FF34920055ACB7 /* main.m */,
			);
			path = webSocket;
			sourceTree = "<group>";
		};
		445D8AB626FF3B2A0055ACB7 /* Chat */ = {
			isa = PBXGroup;
			children = (
				445D8AB726FF3B2A0055ACB7 /* LiveRoomMsg */,
				445D8ACA26FF3B2A0055ACB7 /* Other */,
				445D8AD326FF3B2B0055ACB7 /* DebugTool */,
				445D8AE226FF3B2B0055ACB7 /* MsgModel */,
			);
			path = Chat;
			sourceTree = "<group>";
		};
		445D8AB726FF3B2A0055ACB7 /* LiveRoomMsg */ = {
			isa = PBXGroup;
			children = (
				445D8AC926FF3B2A0055ACB7 /* HYLiveMsgBassCell.h */,
				445D8ABF26FF3B2A0055ACB7 /* HYLiveMsgBassCell.m */,
				445D8AC826FF3B2A0055ACB7 /* HYMsgCommentCell.h */,
				445D8AC026FF3B2A0055ACB7 /* HYMsgCommentCell.m */,
				445D8AB826FF3B2A0055ACB7 /* HYMsgNormalCell.h */,
				445D8AC226FF3B2A0055ACB7 /* HYMsgNormalCell.m */,
				445D8AC126FF3B2A0055ACB7 /* HYMsgJoinCell.h */,
				445D8AB926FF3B2A0055ACB7 /* HYMsgJoinCell.m */,
				445D8AC626FF3B2A0055ACB7 /* HYMsgGiftCell.h */,
				445D8ABB26FF3B2A0055ACB7 /* HYMsgGiftCell.m */,
				445D8ABD26FF3B2A0055ACB7 /* HYMsgSynthesizeCell.h */,
				445D8AC326FF3B2A0055ACB7 /* HYMsgSynthesizeCell.m */,
				445D8AC426FF3B2A0055ACB7 /* HYMsgRemindCell.h */,
				445D8ABE26FF3B2A0055ACB7 /* HYMsgRemindCell.m */,
				445D8ABA26FF3B2A0055ACB7 /* HYMsgAttributeModel.h */,
				445D8AC726FF3B2A0055ACB7 /* HYMsgAttributeModel.m */,
				445D8ABC26FF3B2A0055ACB7 /* HYMsgListTableView.h */,
				445D8AC526FF3B2A0055ACB7 /* HYMsgListTableView.m */,
			);
			path = LiveRoomMsg;
			sourceTree = "<group>";
		};
		445D8ACA26FF3B2A0055ACB7 /* Other */ = {
			isa = PBXGroup;
			children = (
				445D8ACF26FF3B2B0055ACB7 /* HYLeveBgView.h */,
				445D8ACB26FF3B2A0055ACB7 /* HYLeveBgView.m */,
				445D8ACC26FF3B2A0055ACB7 /* HYLevelManager.h */,
				445D8AD026FF3B2B0055ACB7 /* HYLevelManager.m */,
				445D8ACE26FF3B2B0055ACB7 /* HYLayoutButton.m */,
				445D8AD126FF3B2B0055ACB7 /* HYLayoutButton.h */,
				445D8AD226FF3B2B0055ACB7 /* UIView+Frame.h */,
				445D8ACD26FF3B2B0055ACB7 /* UIView+Frame.m */,
			);
			path = Other;
			sourceTree = "<group>";
		};
		445D8AD326FF3B2B0055ACB7 /* DebugTool */ = {
			isa = PBXGroup;
			children = (
				445D8AD426FF3B2B0055ACB7 /* HYDebugTempVC.h */,
				445D8ADC26FF3B2B0055ACB7 /* HYDebugTempVC.m */,
				445D8ADB26FF3B2B0055ACB7 /* HYDebugToolManager.h */,
				445D8AD526FF3B2B0055ACB7 /* HYDebugToolManager.m */,
				445D8AD726FF3B2B0055ACB7 /* HYDebugMemoryMonitor.h */,
				445D8ADE26FF3B2B0055ACB7 /* HYDebugMemoryMonitor.m */,
				445D8AD826FF3B2B0055ACB7 /* HYDebugFPSMonitor.h */,
				445D8ADD26FF3B2B0055ACB7 /* HYDebugFPSMonitor.m */,
				445D8ADA26FF3B2B0055ACB7 /* HYDebugCpuMonitor.h */,
				445D8AE126FF3B2B0055ACB7 /* HYDebugCpuMonitor.m */,
				445D8AD626FF3B2B0055ACB7 /* HYDebugConsoleLabel.h */,
				445D8ADF26FF3B2B0055ACB7 /* HYDebugConsoleLabel.m */,
				445D8AD926FF3B2B0055ACB7 /* HYDebugMonitor.h */,
				445D8AE026FF3B2B0055ACB7 /* HYDebugMonitor.m */,
			);
			path = DebugTool;
			sourceTree = "<group>";
		};
		445D8AE226FF3B2B0055ACB7 /* MsgModel */ = {
			isa = PBXGroup;
			children = (
				445D8AE626FF3B2B0055ACB7 /* HYMsgModel.h */,
				445D8AE326FF3B2B0055ACB7 /* HYMsgModel.m */,
				445D8AE726FF3B2B0055ACB7 /* HYUserModel.h */,
				445D8AE526FF3B2B0055ACB7 /* HYUserModel.m */,
				445D8AE426FF3B2B0055ACB7 /* HYGiftModel.h */,
				445D8AE826FF3B2B0055ACB7 /* HYGiftModel.m */,
			);
			path = MsgModel;
			sourceTree = "<group>";
		};
		8706E1C179151B59FB888C14 /* Pods */ = {
			isa = PBXGroup;
			children = (
				DE1D7A5D22979C7022BBDFEB /* Pods-webSocket.debug.xcconfig */,
				F2308DB30D1203462A6071D9 /* Pods-webSocket.release.xcconfig */,
			);
			path = Pods;
			sourceTree = "<group>";
		};
/* End PBXGroup section */

/* Begin PBXNativeTarget section */
		445D8A9826FF348D0055ACB7 /* webSocket */ = {
			isa = PBXNativeTarget;
			buildConfigurationList = 445D8AB226FF34920055ACB7 /* Build configuration list for PBXNativeTarget "webSocket" */;
			buildPhases = (
				0B17237C3B1B8CC8F4423C5D /* [CP] Check Pods Manifest.lock */,
				445D8A9526FF348D0055ACB7 /* Sources */,
				445D8A9626FF348D0055ACB7 /* Frameworks */,
				445D8A9726FF348D0055ACB7 /* Resources */,
				9004F99A1C3398F1080E0F8A /* [CP] Embed Pods Frameworks */,
			);
			buildRules = (
			);
			dependencies = (
			);
			name = webSocket;
			productName = webSocket;
			productReference = 445D8A9926FF348D0055ACB7 /* webSocket.app */;
			productType = "com.apple.product-type.application";
		};
/* End PBXNativeTarget section */

/* Begin PBXProject section */
		445D8A9126FF348D0055ACB7 /* Project object */ = {
			isa = PBXProject;
			attributes = {
				BuildIndependentTargetsInParallel = 1;
				LastUpgradeCheck = 1300;
				TargetAttributes = {
					445D8A9826FF348D0055ACB7 = {
						CreatedOnToolsVersion = 13.0;
					};
				};
			};
			buildConfigurationList = 445D8A9426FF348D0055ACB7 /* Build configuration list for PBXProject "webSocket" */;
			compatibilityVersion = "Xcode 13.0";
			developmentRegion = en;
			hasScannedForEncodings = 0;
			knownRegions = (
				en,
				Base,
			);
			mainGroup = 445D8A9026FF348D0055ACB7;
			productRefGroup = 445D8A9A26FF348D0055ACB7 /* Products */;
			projectDirPath = "";
			projectRoot = "";
			targets = (
				445D8A9826FF348D0055ACB7 /* webSocket */,
			);
		};
/* End PBXProject section */

/* Begin PBXResourcesBuildPhase section */
		445D8A9726FF348D0055ACB7 /* Resources */ = {
			isa = PBXResourcesBuildPhase;
			buildActionMask = 2147483647;
			files = (
				445D8AAC26FF34920055ACB7 /* LaunchScreen.storyboard in Resources */,
				445D8AA926FF34920055ACB7 /* Assets.xcassets in Resources */,
				445D8AA726FF348D0055ACB7 /* Main.storyboard in Resources */,
			);
			runOnlyForDeploymentPostprocessing = 0;
		};
/* End PBXResourcesBuildPhase section */

/* Begin PBXShellScriptBuildPhase section */
		0B17237C3B1B8CC8F4423C5D /* [CP] Check Pods Manifest.lock */ = {
			isa = PBXShellScriptBuildPhase;
			buildActionMask = 2147483647;
			files = (
			);
			inputFileListPaths = (
			);
			inputPaths = (
				"${PODS_PODFILE_DIR_PATH}/Podfile.lock",
				"${PODS_ROOT}/Manifest.lock",
			);
			name = "[CP] Check Pods Manifest.lock";
			outputFileListPaths = (
			);
			outputPaths = (
				"$(DERIVED_FILE_DIR)/Pods-webSocket-checkManifestLockResult.txt",
			);
			runOnlyForDeploymentPostprocessing = 0;
			shellPath = /bin/sh;
			shellScript = "diff \"${PODS_PODFILE_DIR_PATH}/Podfile.lock\" \"${PODS_ROOT}/Manifest.lock\" > /dev/null\nif [ $? != 0 ] ; then\n    # print error to STDERR\n    echo \"error: The sandbox is not in sync with the Podfile.lock. Run 'pod install' or update your CocoaPods installation.\" >&2\n    exit 1\nfi\n# This output is used by Xcode 'outputs' to avoid re-running this script phase.\necho \"SUCCESS\" > \"${SCRIPT_OUTPUT_FILE_0}\"\n";
			showEnvVarsInLog = 0;
		};
		9004F99A1C3398F1080E0F8A /* [CP] Embed Pods Frameworks */ = {
			isa = PBXShellScriptBuildPhase;
			buildActionMask = 2147483647;
			files = (
			);
			inputFileListPaths = (
				"${PODS_ROOT}/Target Support Files/Pods-webSocket/Pods-webSocket-frameworks-${CONFIGURATION}-input-files.xcfilelist",
			);
			name = "[CP] Embed Pods Frameworks";
			outputFileListPaths = (
				"${PODS_ROOT}/Target Support Files/Pods-webSocket/Pods-webSocket-frameworks-${CONFIGURATION}-output-files.xcfilelist",
			);
			runOnlyForDeploymentPostprocessing = 0;
			shellPath = /bin/sh;
			shellScript = "\"${PODS_ROOT}/Target Support Files/Pods-webSocket/Pods-webSocket-frameworks.sh\"\n";
			showEnvVarsInLog = 0;
		};
/* End PBXShellScriptBuildPhase section */

/* Begin PBXSourcesBuildPhase section */
		445D8A9526FF348D0055ACB7 /* Sources */ = {
			isa = PBXSourcesBuildPhase;
			buildActionMask = 2147483647;
			files = (
				445D8AEC26FF3B2B0055ACB7 /* HYLiveMsgBassCell.m in Sources */,
				445D8AFD26FF3B2B0055ACB7 /* HYMsgModel.m in Sources */,
				445D8AFE26FF3B2B0055ACB7 /* HYUserModel.m in Sources */,
				445D8AF826FF3B2B0055ACB7 /* HYDebugFPSMonitor.m in Sources */,
				445D8AFF26FF3B2B0055ACB7 /* HYGiftModel.m in Sources */,
				445D8AF426FF3B2B0055ACB7 /* HYLayoutButton.m in Sources */,
				445D8AA426FF348D0055ACB7 /* ViewController.m in Sources */,
				445D8A9E26FF348D0055ACB7 /* AppDelegate.m in Sources */,
				445D8AF326FF3B2B0055ACB7 /* UIView+Frame.m in Sources */,
				445D8AF526FF3B2B0055ACB7 /* HYLevelManager.m in Sources */,
				445D8AFB26FF3B2B0055ACB7 /* HYDebugMonitor.m in Sources */,
				445D8AFA26FF3B2B0055ACB7 /* HYDebugConsoleLabel.m in Sources */,
				445D8AF226FF3B2B0055ACB7 /* HYLeveBgView.m in Sources */,
				445D8AF726FF3B2B0055ACB7 /* HYDebugTempVC.m in Sources */,
				445D8AF026FF3B2B0055ACB7 /* HYMsgListTableView.m in Sources */,
				445D8AAF26FF34920055ACB7 /* main.m in Sources */,
				445D8AEB26FF3B2B0055ACB7 /* HYMsgRemindCell.m in Sources */,
				445D8AEF26FF3B2B0055ACB7 /* HYMsgSynthesizeCell.m in Sources */,
				445D8AF926FF3B2B0055ACB7 /* HYDebugMemoryMonitor.m in Sources */,
				445D8AEA26FF3B2B0055ACB7 /* HYMsgGiftCell.m in Sources */,
				445D8AF626FF3B2B0055ACB7 /* HYDebugToolManager.m in Sources */,
				445D8AED26FF3B2B0055ACB7 /* HYMsgCommentCell.m in Sources */,
				445D8AE926FF3B2B0055ACB7 /* HYMsgJoinCell.m in Sources */,
				445D8AFC26FF3B2B0055ACB7 /* HYDebugCpuMonitor.m in Sources */,
				445D8B0226FF41620055ACB7 /* HYWebSocketManager.m in Sources */,
				445D8AEE26FF3B2B0055ACB7 /* HYMsgNormalCell.m in Sources */,
				445D8AF126FF3B2B0055ACB7 /* HYMsgAttributeModel.m in Sources */,
				445D8AA126FF348D0055ACB7 /* SceneDelegate.m in Sources */,
			);
			runOnlyForDeploymentPostprocessing = 0;
		};
/* End PBXSourcesBuildPhase section */

/* Begin PBXVariantGroup section */
		445D8AA526FF348D0055ACB7 /* Main.storyboard */ = {
			isa = PBXVariantGroup;
			children = (
				445D8AA626FF348D0055ACB7 /* Base */,
			);
			name = Main.storyboard;
			sourceTree = "<group>";
		};
		445D8AAA26FF34920055ACB7 /* LaunchScreen.storyboard */ = {
			isa = PBXVariantGroup;
			children = (
				445D8AAB26FF34920055ACB7 /* Base */,
			);
			name = LaunchScreen.storyboard;
			sourceTree = "<group>";
		};
/* End PBXVariantGroup section */

/* Begin XCBuildConfiguration section */
		445D8AB026FF34920055ACB7 /* Debug */ = {
			isa = XCBuildConfiguration;
			buildSettings = {
				ALWAYS_SEARCH_USER_PATHS = NO;
				CLANG_ANALYZER_NONNULL = YES;
				CLANG_ANALYZER_NUMBER_OBJECT_CONVERSION = YES_AGGRESSIVE;
				CLANG_CXX_LANGUAGE_STANDARD = "gnu++17";
				CLANG_CXX_LIBRARY = "libc++";
				CLANG_ENABLE_MODULES = YES;
				CLANG_ENABLE_OBJC_ARC = YES;
				CLANG_ENABLE_OBJC_WEAK = YES;
				CLANG_WARN_BLOCK_CAPTURE_AUTORELEASING = YES;
				CLANG_WARN_BOOL_CONVERSION = YES;
				CLANG_WARN_COMMA = YES;
				CLANG_WARN_CONSTANT_CONVERSION = YES;
				CLANG_WARN_DEPRECATED_OBJC_IMPLEMENTATIONS = YES;
				CLANG_WARN_DIRECT_OBJC_ISA_USAGE = YES_ERROR;
				CLANG_WARN_DOCUMENTATION_COMMENTS = YES;
				CLANG_WARN_EMPTY_BODY = YES;
				CLANG_WARN_ENUM_CONVERSION = YES;
				CLANG_WARN_INFINITE_RECURSION = YES;
				CLANG_WARN_INT_CONVERSION = YES;
				CLANG_WARN_NON_LITERAL_NULL_CONVERSION = YES;
				CLANG_WARN_OBJC_IMPLICIT_RETAIN_SELF = YES;
				CLANG_WARN_OBJC_LITERAL_CONVERSION = YES;
				CLANG_WARN_OBJC_ROOT_CLASS = YES_ERROR;
				CLANG_WARN_QUOTED_INCLUDE_IN_FRAMEWORK_HEADER = YES;
				CLANG_WARN_RANGE_LOOP_ANALYSIS = YES;
				CLANG_WARN_STRICT_PROTOTYPES = YES;
				CLANG_WARN_SUSPICIOUS_MOVE = YES;
				CLANG_WARN_UNGUARDED_AVAILABILITY = YES_AGGRESSIVE;
				CLANG_WARN_UNREACHABLE_CODE = YES;
				CLANG_WARN__DUPLICATE_METHOD_MATCH = YES;
				COPY_PHASE_STRIP = NO;
				DEBUG_INFORMATION_FORMAT = dwarf;
				ENABLE_STRICT_OBJC_MSGSEND = YES;
				ENABLE_TESTABILITY = YES;
				GCC_C_LANGUAGE_STANDARD = gnu11;
				GCC_DYNAMIC_NO_PIC = NO;
				GCC_NO_COMMON_BLOCKS = YES;
				GCC_OPTIMIZATION_LEVEL = 0;
				GCC_PREPROCESSOR_DEFINITIONS = (
					"DEBUG=1",
					"$(inherited)",
				);
				GCC_WARN_64_TO_32_BIT_CONVERSION = YES;
				GCC_WARN_ABOUT_RETURN_TYPE = YES_ERROR;
				GCC_WARN_UNDECLARED_SELECTOR = YES;
				GCC_WARN_UNINITIALIZED_AUTOS = YES_AGGRESSIVE;
				GCC_WARN_UNUSED_FUNCTION = YES;
				GCC_WARN_UNUSED_VARIABLE = YES;
				IPHONEOS_DEPLOYMENT_TARGET = 15.0;
				MTL_ENABLE_DEBUG_INFO = INCLUDE_SOURCE;
				MTL_FAST_MATH = YES;
				ONLY_ACTIVE_ARCH = YES;
				SDKROOT = iphoneos;
			};
			name = Debug;
		};
		445D8AB126FF34920055ACB7 /* Release */ = {
			isa = XCBuildConfiguration;
			buildSettings = {
				ALWAYS_SEARCH_USER_PATHS = NO;
				CLANG_ANALYZER_NONNULL = YES;
				CLANG_ANALYZER_NUMBER_OBJECT_CONVERSION = YES_AGGRESSIVE;
				CLANG_CXX_LANGUAGE_STANDARD = "gnu++17";
				CLANG_CXX_LIBRARY = "libc++";
				CLANG_ENABLE_MODULES = YES;
				CLANG_ENABLE_OBJC_ARC = YES;
				CLANG_ENABLE_OBJC_WEAK = YES;
				CLANG_WARN_BLOCK_CAPTURE_AUTORELEASING = YES;
				CLANG_WARN_BOOL_CONVERSION = YES;
				CLANG_WARN_COMMA = YES;
				CLANG_WARN_CONSTANT_CONVERSION = YES;
				CLANG_WARN_DEPRECATED_OBJC_IMPLEMENTATIONS = YES;
				CLANG_WARN_DIRECT_OBJC_ISA_USAGE = YES_ERROR;
				CLANG_WARN_DOCUMENTATION_COMMENTS = YES;
				CLANG_WARN_EMPTY_BODY = YES;
				CLANG_WARN_ENUM_CONVERSION = YES;
				CLANG_WARN_INFINITE_RECURSION = YES;
				CLANG_WARN_INT_CONVERSION = YES;
				CLANG_WARN_NON_LITERAL_NULL_CONVERSION = YES;
				CLANG_WARN_OBJC_IMPLICIT_RETAIN_SELF = YES;
				CLANG_WARN_OBJC_LITERAL_CONVERSION = YES;
				CLANG_WARN_OBJC_ROOT_CLASS = YES_ERROR;
				CLANG_WARN_QUOTED_INCLUDE_IN_FRAMEWORK_HEADER = YES;
				CLANG_WARN_RANGE_LOOP_ANALYSIS = YES;
				CLANG_WARN_STRICT_PROTOTYPES = YES;
				CLANG_WARN_SUSPICIOUS_MOVE = YES;
				CLANG_WARN_UNGUARDED_AVAILABILITY = YES_AGGRESSIVE;
				CLANG_WARN_UNREACHABLE_CODE = YES;
				CLANG_WARN__DUPLICATE_METHOD_MATCH = YES;
				COPY_PHASE_STRIP = NO;
				DEBUG_INFORMATION_FORMAT = "dwarf-with-dsym";
				ENABLE_NS_ASSERTIONS = NO;
				ENABLE_STRICT_OBJC_MSGSEND = YES;
				GCC_C_LANGUAGE_STANDARD = gnu11;
				GCC_NO_COMMON_BLOCKS = YES;
				GCC_WARN_64_TO_32_BIT_CONVERSION = YES;
				GCC_WARN_ABOUT_RETURN_TYPE = YES_ERROR;
				GCC_WARN_UNDECLARED_SELECTOR = YES;
				GCC_WARN_UNINITIALIZED_AUTOS = YES_AGGRESSIVE;
				GCC_WARN_UNUSED_FUNCTION = YES;
				GCC_WARN_UNUSED_VARIABLE = YES;
				IPHONEOS_DEPLOYMENT_TARGET = 15.0;
				MTL_ENABLE_DEBUG_INFO = NO;
				MTL_FAST_MATH = YES;
				SDKROOT = iphoneos;
				VALIDATE_PRODUCT = YES;
			};
			name = Release;
		};
		445D8AB326FF34920055ACB7 /* Debug */ = {
			isa = XCBuildConfiguration;
			baseConfigurationReference = DE1D7A5D22979C7022BBDFEB /* Pods-webSocket.debug.xcconfig */;
			buildSettings = {
				ASSETCATALOG_COMPILER_APPICON_NAME = AppIcon;
				ASSETCATALOG_COMPILER_GLOBAL_ACCENT_COLOR_NAME = AccentColor;
				CODE_SIGN_STYLE = Automatic;
				CURRENT_PROJECT_VERSION = 1;
				DEVELOPMENT_TEAM = G82574ATF5;
				GCC_PRECOMPILE_PREFIX_HEADER = YES;
				GCC_PREFIX_HEADER = "$(SRCROOT)/webSocket/PrefixHeader.pch";
				GENERATE_INFOPLIST_FILE = YES;
				INFOPLIST_FILE = webSocket/Info.plist;
				INFOPLIST_KEY_UIApplicationSupportsIndirectInputEvents = YES;
				INFOPLIST_KEY_UILaunchStoryboardName = LaunchScreen;
				INFOPLIST_KEY_UIMainStoryboardFile = Main;
				INFOPLIST_KEY_UISupportedInterfaceOrientations_iPad = "UIInterfaceOrientationPortrait UIInterfaceOrientationPortraitUpsideDown UIInterfaceOrientationLandscapeLeft UIInterfaceOrientationLandscapeRight";
				INFOPLIST_KEY_UISupportedInterfaceOrientations_iPhone = "UIInterfaceOrientationPortrait UIInterfaceOrientationLandscapeLeft UIInterfaceOrientationLandscapeRight";
				IPHONEOS_DEPLOYMENT_TARGET = 9.0;
				LD_RUNPATH_SEARCH_PATHS = (
					"$(inherited)",
					"@executable_path/Frameworks",
				);
				MARKETING_VERSION = 1.0;
				PRODUCT_BUNDLE_IDENTIFIER = com.hanyong.webSocket;
				PRODUCT_NAME = "$(TARGET_NAME)";
				SWIFT_EMIT_LOC_STRINGS = YES;
				TARGETED_DEVICE_FAMILY = "1,2";
			};
			name = Debug;
		};
		445D8AB426FF34920055ACB7 /* Release */ = {
			isa = XCBuildConfiguration;
			baseConfigurationReference = F2308DB30D1203462A6071D9 /* Pods-webSocket.release.xcconfig */;
			buildSettings = {
				ASSETCATALOG_COMPILER_APPICON_NAME = AppIcon;
				ASSETCATALOG_COMPILER_GLOBAL_ACCENT_COLOR_NAME = AccentColor;
				CODE_SIGN_STYLE = Automatic;
				CURRENT_PROJECT_VERSION = 1;
				DEVELOPMENT_TEAM = G82574ATF5;
				GCC_PRECOMPILE_PREFIX_HEADER = YES;
				GCC_PREFIX_HEADER = "$(SRCROOT)/webSocket/PrefixHeader.pch";
				GENERATE_INFOPLIST_FILE = YES;
				INFOPLIST_FILE = webSocket/Info.plist;
				INFOPLIST_KEY_UIApplicationSupportsIndirectInputEvents = YES;
				INFOPLIST_KEY_UILaunchStoryboardName = LaunchScreen;
				INFOPLIST_KEY_UIMainStoryboardFile = Main;
				INFOPLIST_KEY_UISupportedInterfaceOrientations_iPad = "UIInterfaceOrientationPortrait UIInterfaceOrientationPortraitUpsideDown UIInterfaceOrientationLandscapeLeft UIInterfaceOrientationLandscapeRight";
				INFOPLIST_KEY_UISupportedInterfaceOrientations_iPhone = "UIInterfaceOrientationPortrait UIInterfaceOrientationLandscapeLeft UIInterfaceOrientationLandscapeRight";
				IPHONEOS_DEPLOYMENT_TARGET = 9.0;
				LD_RUNPATH_SEARCH_PATHS = (
					"$(inherited)",
					"@executable_path/Frameworks",
				);
				MARKETING_VERSION = 1.0;
				PRODUCT_BUNDLE_IDENTIFIER = com.hanyong.webSocket;
				PRODUCT_NAME = "$(TARGET_NAME)";
				SWIFT_EMIT_LOC_STRINGS = YES;
				TARGETED_DEVICE_FAMILY = "1,2";
			};
			name = Release;
		};
/* End XCBuildConfiguration section */

/* Begin XCConfigurationList section */
		445D8A9426FF348D0055ACB7 /* Build configuration list for PBXProject "webSocket" */ = {
			isa = XCConfigurationList;
			buildConfigurations = (
				445D8AB026FF34920055ACB7 /* Debug */,
				445D8AB126FF34920055ACB7 /* Release */,
			);
			defaultConfigurationIsVisible = 0;
			defaultConfigurationName = Release;
		};
		445D8AB226FF34920055ACB7 /* Build configuration list for PBXNativeTarget "webSocket" */ = {
			isa = XCConfigurationList;
			buildConfigurations = (
				445D8AB326FF34920055ACB7 /* Debug */,
				445D8AB426FF34920055ACB7 /* Release */,
			);
			defaultConfigurationIsVisible = 0;
			defaultConfigurationName = Release;
		};
/* End XCConfigurationList section */
	};
	rootObject = 445D8A9126FF348D0055ACB7 /* Project object */;
}
